// !$*UTF8*$!
{
	archiveVersion = 1;
	classes = {
	};
	objectVersion = 50;
	objects = {

/* Begin PBXBuildFile section */
		2082FE38256688ED008C0637 /* TodalendarApp.swift in Sources */ = {isa = PBXBuildFile; fileRef = 2082FE37256688ED008C0637 /* TodalendarApp.swift */; };
		2082FE3A256688ED008C0637 /* ContentView.swift in Sources */ = {isa = PBXBuildFile; fileRef = 2082FE39256688ED008C0637 /* ContentView.swift */; };
		2082FE3C256688F0008C0637 /* Assets.xcassets in Resources */ = {isa = PBXBuildFile; fileRef = 2082FE3B256688F0008C0637 /* Assets.xcassets */; };
		2082FE3F256688F0008C0637 /* Preview Assets.xcassets in Resources */ = {isa = PBXBuildFile; fileRef = 2082FE3E256688F0008C0637 /* Preview Assets.xcassets */; };
		2082FE4A256688F0008C0637 /* TodalendarTests.swift in Sources */ = {isa = PBXBuildFile; fileRef = 2082FE49256688F0008C0637 /* TodalendarTests.swift */; };
		2082FE55256688F0008C0637 /* TodalendarUITests.swift in Sources */ = {isa = PBXBuildFile; fileRef = 2082FE54256688F0008C0637 /* TodalendarUITests.swift */; };
/* End PBXBuildFile section */

/* Begin PBXContainerItemProxy section */
		2082FE46256688F0008C0637 /* PBXContainerItemProxy */ = {
			isa = PBXContainerItemProxy;
			containerPortal = 2082FE2C256688ED008C0637 /* Project object */;
			proxyType = 1;
			remoteGlobalIDString = 2082FE33256688ED008C0637;
			remoteInfo = Todalendar;
		};
		2082FE51256688F0008C0637 /* PBXContainerItemProxy */ = {
			isa = PBXContainerItemProxy;
			containerPortal = 2082FE2C256688ED008C0637 /* Project object */;
			proxyType = 1;
			remoteGlobalIDString = 2082FE33256688ED008C0637;
			remoteInfo = Todalendar;
		};
/* End PBXContainerItemProxy section */

/* Begin PBXFileReference section */
		2082FE34256688ED008C0637 /* Todalendar.app */ = {isa = PBXFileReference; explicitFileType = wrapper.application; includeInIndex = 0; path = Todalendar.app; sourceTree = BUILT_PRODUCTS_DIR; };
		2082FE37256688ED008C0637 /* TodalendarApp.swift */ = {isa = PBXFileReference; lastKnownFileType = sourcecode.swift; path = TodalendarApp.swift; sourceTree = "<group>"; };
		2082FE39256688ED008C0637 /* ContentView.swift */ = {isa = PBXFileReference; lastKnownFileType = sourcecode.swift; path = ContentView.swift; sourceTree = "<group>"; };
		2082FE3B256688F0008C0637 /* Assets.xcassets */ = {isa = PBXFileReference; lastKnownFileType = folder.assetcatalog; path = Assets.xcassets; sourceTree = "<group>"; };
		2082FE3E256688F0008C0637 /* Preview Assets.xcassets */ = {isa = PBXFileReference; lastKnownFileType = folder.assetcatalog; path = "Preview Assets.xcassets"; sourceTree = "<group>"; };
		2082FE40256688F0008C0637 /* Info.plist */ = {isa = PBXFileReference; lastKnownFileType = text.plist.xml; path = Info.plist; sourceTree = "<group>"; };
		2082FE45256688F0008C0637 /* TodalendarTests.xctest */ = {isa = PBXFileReference; explicitFileType = wrapper.cfbundle; includeInIndex = 0; path = TodalendarTests.xctest; sourceTree = BUILT_PRODUCTS_DIR; };
		2082FE49256688F0008C0637 /* TodalendarTests.swift */ = {isa = PBXFileReference; lastKnownFileType = sourcecode.swift; path = TodalendarTests.swift; sourceTree = "<group>"; };
		2082FE4B256688F0008C0637 /* Info.plist */ = {isa = PBXFileReference; lastKnownFileType = text.plist.xml; path = Info.plist; sourceTree = "<group>"; };
		2082FE50256688F0008C0637 /* TodalendarUITests.xctest */ = {isa = PBXFileReference; explicitFileType = wrapper.cfbundle; includeInIndex = 0; path = TodalendarUITests.xctest; sourceTree = BUILT_PRODUCTS_DIR; };
		2082FE54256688F0008C0637 /* TodalendarUITests.swift */ = {isa = PBXFileReference; lastKnownFileType = sourcecode.swift; path = TodalendarUITests.swift; sourceTree = "<group>"; };
		2082FE56256688F0008C0637 /* Info.plist */ = {isa = PBXFileReference; lastKnownFileType = text.plist.xml; path = Info.plist; sourceTree = "<group>"; };
/* End PBXFileReference section */

/* Begin PBXFrameworksBuildPhase section */
		2082FE31256688ED008C0637 /* Frameworks */ = {
			isa = PBXFrameworksBuildPhase;
			buildActionMask = 2147483647;
			files = (
			);
			runOnlyForDeploymentPostprocessing = 0;
		};
		2082FE42256688F0008C0637 /* Frameworks */ = {
			isa = PBXFrameworksBuildPhase;
			buildActionMask = 2147483647;
			files = (
			);
			runOnlyForDeploymentPostprocessing = 0;
		};
		2082FE4D256688F0008C0637 /* Frameworks */ = {
			isa = PBXFrameworksBuildPhase;
			buildActionMask = 2147483647;
			files = (
			);
			runOnlyForDeploymentPostprocessing = 0;
		};
/* End PBXFrameworksBuildPhase section */

/* Begin PBXGroup section */
		2082FE2B256688ED008C0637 = {
			isa = PBXGroup;
			children = (
				2082FE36256688ED008C0637 /* Todalendar */,
				2082FE48256688F0008C0637 /* TodalendarTests */,
				2082FE53256688F0008C0637 /* TodalendarUITests */,
				2082FE35256688ED008C0637 /* Products */,
			);
			sourceTree = "<group>";
		};
		2082FE35256688ED008C0637 /* Products */ = {
			isa = PBXGroup;
			children = (
				2082FE34256688ED008C0637 /* Todalendar.app */,
				2082FE45256688F0008C0637 /* TodalendarTests.xctest */,
				2082FE50256688F0008C0637 /* TodalendarUITests.xctest */,
			);
			name = Products;
			sourceTree = "<group>";
		};
		2082FE36256688ED008C0637 /* Todalendar */ = {
			isa = PBXGroup;
			children = (
				2082FE6525668918008C0637 /* Models */,
				2082FE37256688ED008C0637 /* TodalendarApp.swift */,
				2082FE39256688ED008C0637 /* ContentView.swift */,
				2082FE3B256688F0008C0637 /* Assets.xcassets */,
				2082FE40256688F0008C0637 /* Info.plist */,
				2082FE3D256688F0008C0637 /* Preview Content */,
			);
			path = Todalendar;
			sourceTree = "<group>";
		};
		2082FE3D256688F0008C0637 /* Preview Content */ = {
			isa = PBXGroup;
			children = (
				2082FE3E256688F0008C0637 /* Preview Assets.xcassets */,
			);
			path = "Preview Content";
			sourceTree = "<group>";
		};
		2082FE48256688F0008C0637 /* TodalendarTests */ = {
			isa = PBXGroup;
			children = (
				2082FE49256688F0008C0637 /* TodalendarTests.swift */,
				2082FE4B256688F0008C0637 /* Info.plist */,
			);
			path = TodalendarTests;
			sourceTree = "<group>";
		};
		2082FE53256688F0008C0637 /* TodalendarUITests */ = {
			isa = PBXGroup;
			children = (
				2082FE54256688F0008C0637 /* TodalendarUITests.swift */,
				2082FE56256688F0008C0637 /* Info.plist */,
			);
			path = TodalendarUITests;
			sourceTree = "<group>";
		};
		2082FE6525668918008C0637 /* Models */ = {
			isa = PBXGroup;
			children = (
				2082FE662566892D008C0637 /* CalandarSDKWrapper */,
			);
			path = Models;
			sourceTree = "<group>";
		};
		2082FE662566892D008C0637 /* CalandarSDKWrapper */ = {
			isa = PBXGroup;
			children = (
			);
			path = CalandarSDKWrapper;
			sourceTree = "<group>";
		};
/* End PBXGroup section */

/* Begin PBXNativeTarget section */
		2082FE33256688ED008C0637 /* Todalendar */ = {
			isa = PBXNativeTarget;
			buildConfigurationList = 2082FE59256688F0008C0637 /* Build configuration list for PBXNativeTarget "Todalendar" */;
			buildPhases = (
				2082FE30256688ED008C0637 /* Sources */,
				2082FE31256688ED008C0637 /* Frameworks */,
				2082FE32256688ED008C0637 /* Resources */,
			);
			buildRules = (
			);
			dependencies = (
			);
			name = Todalendar;
			productName = Todalendar;
			productReference = 2082FE34256688ED008C0637 /* Todalendar.app */;
			productType = "com.apple.product-type.application";
		};
		2082FE44256688F0008C0637 /* TodalendarTests */ = {
			isa = PBXNativeTarget;
			buildConfigurationList = 2082FE5C256688F0008C0637 /* Build configuration list for PBXNativeTarget "TodalendarTests" */;
			buildPhases = (
				2082FE41256688F0008C0637 /* Sources */,
				2082FE42256688F0008C0637 /* Frameworks */,
				2082FE43256688F0008C0637 /* Resources */,
			);
			buildRules = (
			);
			dependencies = (
				2082FE47256688F0008C0637 /* PBXTargetDependency */,
			);
			name = TodalendarTests;
			productName = TodalendarTests;
			productReference = 2082FE45256688F0008C0637 /* TodalendarTests.xctest */;
			productType = "com.apple.product-type.bundle.unit-test";
		};
		2082FE4F256688F0008C0637 /* TodalendarUITests */ = {
			isa = PBXNativeTarget;
			buildConfigurationList = 2082FE5F256688F0008C0637 /* Build configuration list for PBXNativeTarget "TodalendarUITests" */;
			buildPhases = (
				2082FE4C256688F0008C0637 /* Sources */,
				2082FE4D256688F0008C0637 /* Frameworks */,
				2082FE4E256688F0008C0637 /* Resources */,
			);
			buildRules = (
			);
			dependencies = (
				2082FE52256688F0008C0637 /* PBXTargetDependency */,
			);
			name = TodalendarUITests;
			productName = TodalendarUITests;
			productReference = 2082FE50256688F0008C0637 /* TodalendarUITests.xctest */;
			productType = "com.apple.product-type.bundle.ui-testing";
		};
/* End PBXNativeTarget section */

/* Begin PBXProject section */
		2082FE2C256688ED008C0637 /* Project object */ = {
			isa = PBXProject;
			attributes = {
				LastSwiftUpdateCheck = 1220;
				LastUpgradeCheck = 1220;
				TargetAttributes = {
					2082FE33256688ED008C0637 = {
						CreatedOnToolsVersion = 12.2;
					};
					2082FE44256688F0008C0637 = {
						CreatedOnToolsVersion = 12.2;
						TestTargetID = 2082FE33256688ED008C0637;
					};
					2082FE4F256688F0008C0637 = {
						CreatedOnToolsVersion = 12.2;
						TestTargetID = 2082FE33256688ED008C0637;
					};
				};
			};
			buildConfigurationList = 2082FE2F256688ED008C0637 /* Build configuration list for PBXProject "Todalendar" */;
			compatibilityVersion = "Xcode 9.3";
			developmentRegion = en;
			hasScannedForEncodings = 0;
			knownRegions = (
				en,
				Base,
			);
			mainGroup = 2082FE2B256688ED008C0637;
			productRefGroup = 2082FE35256688ED008C0637 /* Products */;
			projectDirPath = "";
			projectRoot = "";
			targets = (
				2082FE33256688ED008C0637 /* Todalendar */,
				2082FE44256688F0008C0637 /* TodalendarTests */,
				2082FE4F256688F0008C0637 /* TodalendarUITests */,
			);
		};
/* End PBXProject section */

/* Begin PBXResourcesBuildPhase section */
		2082FE32256688ED008C0637 /* Resources */ = {
			isa = PBXResourcesBuildPhase;
			buildActionMask = 2147483647;
			files = (
				2082FE3F256688F0008C0637 /* Preview Assets.xcassets in Resources */,
				2082FE3C256688F0008C0637 /* Assets.xcassets in Resources */,
			);
			runOnlyForDeploymentPostprocessing = 0;
		};
		2082FE43256688F0008C0637 /* Resources */ = {
			isa = PBXResourcesBuildPhase;
			buildActionMask = 2147483647;
			files = (
			);
			runOnlyForDeploymentPostprocessing = 0;
		};
		2082FE4E256688F0008C0637 /* Resources */ = {
			isa = PBXResourcesBuildPhase;
			buildActionMask = 2147483647;
			files = (
			);
			runOnlyForDeploymentPostprocessing = 0;
		};
/* End PBXResourcesBuildPhase section */

/* Begin PBXSourcesBuildPhase section */
		2082FE30256688ED008C0637 /* Sources */ = {
			isa = PBXSourcesBuildPhase;
			buildActionMask = 2147483647;
			files = (
				2082FE3A256688ED008C0637 /* ContentView.swift in Sources */,
				2082FE38256688ED008C0637 /* TodalendarApp.swift in Sources */,
			);
			runOnlyForDeploymentPostprocessing = 0;
		};
		2082FE41256688F0008C0637 /* Sources */ = {
			isa = PBXSourcesBuildPhase;
			buildActionMask = 2147483647;
			files = (
				2082FE4A256688F0008C0637 /* TodalendarTests.swift in Sources */,
			);
			runOnlyForDeploymentPostprocessing = 0;
		};
		2082FE4C256688F0008C0637 /* Sources */ = {
			isa = PBXSourcesBuildPhase;
			buildActionMask = 2147483647;
			files = (
				2082FE55256688F0008C0637 /* TodalendarUITests.swift in Sources */,
			);
			runOnlyForDeploymentPostprocessing = 0;
		};
/* End PBXSourcesBuildPhase section */

/* Begin PBXTargetDependency section */
		2082FE47256688F0008C0637 /* PBXTargetDependency */ = {
			isa = PBXTargetDependency;
			target = 2082FE33256688ED008C0637 /* Todalendar */;
			targetProxy = 2082FE46256688F0008C0637 /* PBXContainerItemProxy */;
		};
		2082FE52256688F0008C0637 /* PBXTargetDependency */ = {
			isa = PBXTargetDependency;
			target = 2082FE33256688ED008C0637 /* Todalendar */;
			targetProxy = 2082FE51256688F0008C0637 /* PBXContainerItemProxy */;
		};
/* End PBXTargetDependency section */

/* Begin XCBuildConfiguration section */
		2082FE57256688F0008C0637 /* Debug */ = {
			isa = XCBuildConfiguration;
			buildSettings = {
				ALWAYS_SEARCH_USER_PATHS = NO;
				CLANG_ANALYZER_NONNULL = YES;
				CLANG_ANALYZER_NUMBER_OBJECT_CONVERSION = YES_AGGRESSIVE;
				CLANG_CXX_LANGUAGE_STANDARD = "gnu++14";
				CLANG_CXX_LIBRARY = "libc++";
				CLANG_ENABLE_MODULES = YES;
				CLANG_ENABLE_OBJC_ARC = YES;
				CLANG_ENABLE_OBJC_WEAK = YES;
				CLANG_WARN_BLOCK_CAPTURE_AUTORELEASING = YES;
				CLANG_WARN_BOOL_CONVERSION = YES;
				CLANG_WARN_COMMA = YES;
				CLANG_WARN_CONSTANT_CONVERSION = YES;
				CLANG_WARN_DEPRECATED_OBJC_IMPLEMENTATIONS = YES;
				CLANG_WARN_DIRECT_OBJC_ISA_USAGE = YES_ERROR;
				CLANG_WARN_DOCUMENTATION_COMMENTS = YES;
				CLANG_WARN_EMPTY_BODY = YES;
				CLANG_WARN_ENUM_CONVERSION = YES;
				CLANG_WARN_INFINITE_RECURSION = YES;
				CLANG_WARN_INT_CONVERSION = YES;
				CLANG_WARN_NON_LITERAL_NULL_CONVERSION = YES;
				CLANG_WARN_OBJC_IMPLICIT_RETAIN_SELF = YES;
				CLANG_WARN_OBJC_LITERAL_CONVERSION = YES;
				CLANG_WARN_OBJC_ROOT_CLASS = YES_ERROR;
				CLANG_WARN_QUOTED_INCLUDE_IN_FRAMEWORK_HEADER = YES;
				CLANG_WARN_RANGE_LOOP_ANALYSIS = YES;
				CLANG_WARN_STRICT_PROTOTYPES = YES;
				CLANG_WARN_SUSPICIOUS_MOVE = YES;
				CLANG_WARN_UNGUARDED_AVAILABILITY = YES_AGGRESSIVE;
				CLANG_WARN_UNREACHABLE_CODE = YES;
				CLANG_WARN__DUPLICATE_METHOD_MATCH = YES;
				COPY_PHASE_STRIP = NO;
				DEBUG_INFORMATION_FORMAT = dwarf;
				ENABLE_STRICT_OBJC_MSGSEND = YES;
				ENABLE_TESTABILITY = YES;
				GCC_C_LANGUAGE_STANDARD = gnu11;
				GCC_DYNAMIC_NO_PIC = NO;
				GCC_NO_COMMON_BLOCKS = YES;
				GCC_OPTIMIZATION_LEVEL = 0;
				GCC_PREPROCESSOR_DEFINITIONS = (
					"DEBUG=1",
					"$(inherited)",
				);
				GCC_WARN_64_TO_32_BIT_CONVERSION = YES;
				GCC_WARN_ABOUT_RETURN_TYPE = YES_ERROR;
				GCC_WARN_UNDECLARED_SELECTOR = YES;
				GCC_WARN_UNINITIALIZED_AUTOS = YES_AGGRESSIVE;
				GCC_WARN_UNUSED_FUNCTION = YES;
				GCC_WARN_UNUSED_VARIABLE = YES;
				IPHONEOS_DEPLOYMENT_TARGET = 14.2;
				MTL_ENABLE_DEBUG_INFO = INCLUDE_SOURCE;
				MTL_FAST_MATH = YES;
				ONLY_ACTIVE_ARCH = YES;
				SDKROOT = iphoneos;
				SWIFT_ACTIVE_COMPILATION_CONDITIONS = DEBUG;
				SWIFT_OPTIMIZATION_LEVEL = "-Onone";
			};
			name = Debug;
		};
		2082FE58256688F0008C0637 /* Release */ = {
			isa = XCBuildConfiguration;
			buildSettings = {
				ALWAYS_SEARCH_USER_PATHS = NO;
				CLANG_ANALYZER_NONNULL = YES;
				CLANG_ANALYZER_NUMBER_OBJECT_CONVERSION = YES_AGGRESSIVE;
				CLANG_CXX_LANGUAGE_STANDARD = "gnu++14";
				CLANG_CXX_LIBRARY = "libc++";
				CLANG_ENABLE_MODULES = YES;
				CLANG_ENABLE_OBJC_ARC = YES;
				CLANG_ENABLE_OBJC_WEAK = YES;
				CLANG_WARN_BLOCK_CAPTURE_AUTORELEASING = YES;
				CLANG_WARN_BOOL_CONVERSION = YES;
				CLANG_WARN_COMMA = YES;
				CLANG_WARN_CONSTANT_CONVERSION = YES;
				CLANG_WARN_DEPRECATED_OBJC_IMPLEMENTATIONS = YES;
				CLANG_WARN_DIRECT_OBJC_ISA_USAGE = YES_ERROR;
				CLANG_WARN_DOCUMENTATION_COMMENTS = YES;
				CLANG_WARN_EMPTY_BODY = YES;
				CLANG_WARN_ENUM_CONVERSION = YES;
				CLANG_WARN_INFINITE_RECURSION = YES;
				CLANG_WARN_INT_CONVERSION = YES;
				CLANG_WARN_NON_LITERAL_NULL_CONVERSION = YES;
				CLANG_WARN_OBJC_IMPLICIT_RETAIN_SELF = YES;
				CLANG_WARN_OBJC_LITERAL_CONVERSION = YES;
				CLANG_WARN_OBJC_ROOT_CLASS = YES_ERROR;
				CLANG_WARN_QUOTED_INCLUDE_IN_FRAMEWORK_HEADER = YES;
				CLANG_WARN_RANGE_LOOP_ANALYSIS = YES;
				CLANG_WARN_STRICT_PROTOTYPES = YES;
				CLANG_WARN_SUSPICIOUS_MOVE = YES;
				CLANG_WARN_UNGUARDED_AVAILABILITY = YES_AGGRESSIVE;
				CLANG_WARN_UNREACHABLE_CODE = YES;
				CLANG_WARN__DUPLICATE_METHOD_MATCH = YES;
				COPY_PHASE_STRIP = NO;
				DEBUG_INFORMATION_FORMAT = "dwarf-with-dsym";
				ENABLE_NS_ASSERTIONS = NO;
				ENABLE_STRICT_OBJC_MSGSEND = YES;
				GCC_C_LANGUAGE_STANDARD = gnu11;
				GCC_NO_COMMON_BLOCKS = YES;
				GCC_WARN_64_TO_32_BIT_CONVERSION = YES;
				GCC_WARN_ABOUT_RETURN_TYPE = YES_ERROR;
				GCC_WARN_UNDECLARED_SELECTOR = YES;
				GCC_WARN_UNINITIALIZED_AUTOS = YES_AGGRESSIVE;
				GCC_WARN_UNUSED_FUNCTION = YES;
				GCC_WARN_UNUSED_VARIABLE = YES;
				IPHONEOS_DEPLOYMENT_TARGET = 14.2;
				MTL_ENABLE_DEBUG_INFO = NO;
				MTL_FAST_MATH = YES;
				SDKROOT = iphoneos;
				SWIFT_COMPILATION_MODE = wholemodule;
				SWIFT_OPTIMIZATION_LEVEL = "-O";
				VALIDATE_PRODUCT = YES;
			};
			name = Release;
		};
		2082FE5A256688F0008C0637 /* Debug */ = {
			isa = XCBuildConfiguration;
			buildSettings = {
				ASSETCATALOG_COMPILER_APPICON_NAME = AppIcon;
				ASSETCATALOG_COMPILER_GLOBAL_ACCENT_COLOR_NAME = AccentColor;
				CODE_SIGN_STYLE = Automatic;
				DEVELOPMENT_ASSET_PATHS = "\"Todalendar/Preview Content\"";
				DEVELOPMENT_TEAM = 5ZG3FD7865;
				ENABLE_PREVIEWS = YES;
				INFOPLIST_FILE = Todalendar/Info.plist;
				IPHONEOS_DEPLOYMENT_TARGET = 14.0;
				LD_RUNPATH_SEARCH_PATHS = (
					"$(inherited)",
					"@executable_path/Frameworks",
				);
				PRODUCT_BUNDLE_IDENTIFIER = com.personal.undaniel.Todalendar;
				PRODUCT_NAME = "$(TARGET_NAME)";
				SWIFT_VERSION = 5.0;
				TARGETED_DEVICE_FAMILY = "1,2";
			};
			name = Debug;
		};
		2082FE5B256688F0008C0637 /* Release */ = {
			isa = XCBuildConfiguration;
			buildSettings = {
				ASSETCATALOG_COMPILER_APPICON_NAME = AppIcon;
				ASSETCATALOG_COMPILER_GLOBAL_ACCENT_COLOR_NAME = AccentColor;
				CODE_SIGN_STYLE = Automatic;
				DEVELOPMENT_ASSET_PATHS = "\"Todalendar/Preview Content\"";
				DEVELOPMENT_TEAM = 5ZG3FD7865;
				ENABLE_PREVIEWS = YES;
				INFOPLIST_FILE = Todalendar/Info.plist;
				IPHONEOS_DEPLOYMENT_TARGET = 14.0;
				LD_RUNPATH_SEARCH_PATHS = (
					"$(inherited)",
					"@executable_path/Frameworks",
				);
				PRODUCT_BUNDLE_IDENTIFIER = com.personal.undaniel.Todalendar;
				PRODUCT_NAME = "$(TARGET_NAME)";
				SWIFT_VERSION = 5.0;
				TARGETED_DEVICE_FAMILY = "1,2";
			};
			name = Release;
		};
		2082FE5D256688F0008C0637 /* Debug */ = {
			isa = XCBuildConfiguration;
			buildSettings = {
				ALWAYS_EMBED_SWIFT_STANDARD_LIBRARIES = YES;
				BUNDLE_LOADER = "$(TEST_HOST)";
				CODE_SIGN_STYLE = Automatic;
				DEVELOPMENT_TEAM = 5ZG3FD7865;
				INFOPLIST_FILE = TodalendarTests/Info.plist;
				IPHONEOS_DEPLOYMENT_TARGET = 14.0;
				LD_RUNPATH_SEARCH_PATHS = (
					"$(inherited)",
					"@executable_path/Frameworks",
					"@loader_path/Frameworks",
				);
				PRODUCT_BUNDLE_IDENTIFIER = com.personal.undaniel.TodalendarTests;
				PRODUCT_NAME = "$(TARGET_NAME)";
				SWIFT_VERSION = 5.0;
				TARGETED_DEVICE_FAMILY = "1,2";
				TEST_HOST = "$(BUILT_PRODUCTS_DIR)/Todalendar.app/Todalendar";
			};
			name = Debug;
		};
		2082FE5E256688F0008C0637 /* Release */ = {
			isa = XCBuildConfiguration;
			buildSettings = {
				ALWAYS_EMBED_SWIFT_STANDARD_LIBRARIES = YES;
				BUNDLE_LOADER = "$(TEST_HOST)";
				CODE_SIGN_STYLE = Automatic;
				DEVELOPMENT_TEAM = 5ZG3FD7865;
				INFOPLIST_FILE = TodalendarTests/Info.plist;
				IPHONEOS_DEPLOYMENT_TARGET = 14.0;
				LD_RUNPATH_SEARCH_PATHS = (
					"$(inherited)",
					"@executable_path/Frameworks",
					"@loader_path/Frameworks",
				);
				PRODUCT_BUNDLE_IDENTIFIER = com.personal.undaniel.TodalendarTests;
				PRODUCT_NAME = "$(TARGET_NAME)";
				SWIFT_VERSION = 5.0;
				TARGETED_DEVICE_FAMILY = "1,2";
				TEST_HOST = "$(BUILT_PRODUCTS_DIR)/Todalendar.app/Todalendar";
			};
			name = Release;
		};
		2082FE60256688F0008C0637 /* Debug */ = {
			isa = XCBuildConfiguration;
			buildSettings = {
				ALWAYS_EMBED_SWIFT_STANDARD_LIBRARIES = YES;
				CODE_SIGN_STYLE = Automatic;
				DEVELOPMENT_TEAM = 5ZG3FD7865;
				INFOPLIST_FILE = TodalendarUITests/Info.plist;
				LD_RUNPATH_SEARCH_PATHS = (
					"$(inherited)",
					"@executable_path/Frameworks",
					"@loader_path/Frameworks",
				);
				PRODUCT_BUNDLE_IDENTIFIER = com.personal.undaniel.TodalendarUITests;
				PRODUCT_NAME = "$(TARGET_NAME)";
				SWIFT_VERSION = 5.0;
				TARGETED_DEVICE_FAMILY = "1,2";
				TEST_TARGET_NAME = Todalendar;
			};
			name = Debug;
		};
		2082FE61256688F0008C0637 /* Release */ = {
			isa = XCBuildConfiguration;
			buildSettings = {
				ALWAYS_EMBED_SWIFT_STANDARD_LIBRARIES = YES;
				CODE_SIGN_STYLE = Automatic;
				DEVELOPMENT_TEAM = 5ZG3FD7865;
				INFOPLIST_FILE = TodalendarUITests/Info.plist;
				LD_RUNPATH_SEARCH_PATHS = (
					"$(inherited)",
					"@executable_path/Frameworks",
					"@loader_path/Frameworks",
				);
				PRODUCT_BUNDLE_IDENTIFIER = com.personal.undaniel.TodalendarUITests;
				PRODUCT_NAME = "$(TARGET_NAME)";
				SWIFT_VERSION = 5.0;
				TARGETED_DEVICE_FAMILY = "1,2";
				TEST_TARGET_NAME = Todalendar;
			};
			name = Release;
		};
/* End XCBuildConfiguration section */

/* Begin XCConfigurationList section */
		2082FE2F256688ED008C0637 /* Build configuration list for PBXProject "Todalendar" */ = {
			isa = XCConfigurationList;
			buildConfigurations = (
				2082FE57256688F0008C0637 /* Debug */,
				2082FE58256688F0008C0637 /* Release */,
			);
			defaultConfigurationIsVisible = 0;
			defaultConfigurationName = Release;
		};
		2082FE59256688F0008C0637 /* Build configuration list for PBXNativeTarget "Todalendar" */ = {
			isa = XCConfigurationList;
			buildConfigurations = (
				2082FE5A256688F0008C0637 /* Debug */,
				2082FE5B256688F0008C0637 /* Release */,
			);
			defaultConfigurationIsVisible = 0;
			defaultConfigurationName = Release;
		};
		2082FE5C256688F0008C0637 /* Build configuration list for PBXNativeTarget "TodalendarTests" */ = {
			isa = XCConfigurationList;
			buildConfigurations = (
				2082FE5D256688F0008C0637 /* Debug */,
				2082FE5E256688F0008C0637 /* Release */,
			);
			defaultConfigurationIsVisible = 0;
			defaultConfigurationName = Release;
		};
		2082FE5F256688F0008C0637 /* Build configuration list for PBXNativeTarget "TodalendarUITests" */ = {
			isa = XCConfigurationList;
			buildConfigurations = (
				2082FE60256688F0008C0637 /* Debug */,
				2082FE61256688F0008C0637 /* Release */,
			);
			defaultConfigurationIsVisible = 0;
			defaultConfigurationName = Release;
		};
/* End XCConfigurationList section */
	};
	rootObject = 2082FE2C256688ED008C0637 /* Project object */;
}
